
Microsoft Visual Studio Solution File, Format Version 12.00
# Visual Studio Version 17
VisualStudioVersion = 17.1.32414.318
MinimumVisualStudioVersion = 10.0.40219.1
Project("{9A19103F-16F7-4668-BE54-9A1E7A4F7556}") = "webapp", "webapp.csproj", "{B86358F9-3AF9-47F3-9239-DCE10DBE4F89}"
EndProject
Global
	GlobalSection(SolutionConfigurationPlatforms) = preSolution
		Debug|Any CPU = Debug|Any CPU
		Release|Any CPU = Release|Any CPU
	EndGlobalSection
	GlobalSection(ProjectConfigurationPlatforms) = postSolution
		{B86358F9-3AF9-47F3-9239-DCE10DBE4F89}.Debug|Any CPU.ActiveCfg = Debug|Any CPU
		{B86358F9-3AF9-47F3-9239-DCE10DBE4F89}.Debug|Any CPU.Build.0 = Debug|Any CPU
		{B86358F9-3AF9-47F3-9239-DCE10DBE4F89}.Release|Any CPU.ActiveCfg = Release|Any CPU
		{B86358F9-3AF9-47F3-9239-DCE10DBE4F89}.Release|Any CPU.Build.0 = Release|Any CPU
	EndGlobalSection
	GlobalSection(SolutionProperties) = preSolution
		HideSolutionNode = FALSE
	EndGlobalSection
	GlobalSection(ExtensibilityGlobals) = postSolution
		SolutionGuid = {06769907-3E3E-4357-910E-A5609EF20706}
	EndGlobalSection
EndGlobal
